// !$*UTF8*$!
{
	archiveVersion = 1;
	classes = {
	};
	objectVersion = 56;
	objects = {

/* Begin PBXBuildFile section */
		5CAFD19429830F93006F867F /* AppDelegate.swift in Sources */ = {isa = PBXBuildFile; fileRef = 5CAFD19329830F93006F867F /* AppDelegate.swift */; };
		5CAFD19629830F93006F867F /* SceneDelegate.swift in Sources */ = {isa = PBXBuildFile; fileRef = 5CAFD19529830F93006F867F /* SceneDelegate.swift */; };
		5CAFD19829830F93006F867F /* ViewController.swift in Sources */ = {isa = PBXBuildFile; fileRef = 5CAFD19729830F93006F867F /* ViewController.swift */; };
		5CAFD19B29830F93006F867F /* Main.storyboard in Resources */ = {isa = PBXBuildFile; fileRef = 5CAFD19929830F93006F867F /* Main.storyboard */; };
		5CAFD19D29830F94006F867F /* Assets.xcassets in Resources */ = {isa = PBXBuildFile; fileRef = 5CAFD19C29830F94006F867F /* Assets.xcassets */; };
		5CAFD1A029830F94006F867F /* LaunchScreen.storyboard in Resources */ = {isa = PBXBuildFile; fileRef = 5CAFD19E29830F94006F867F /* LaunchScreen.storyboard */; };
		5CAFD1A929830FD5006F867F /* Constant.swift in Sources */ = {isa = PBXBuildFile; fileRef = 5CAFD1A829830FD5006F867F /* Constant.swift */; };
		5CAFD1AC29830FF6006F867F /* Model.swift in Sources */ = {isa = PBXBuildFile; fileRef = 5CAFD1AB29830FF6006F867F /* Model.swift */; };
		5CAFD1AF29831B66006F867F /* Network.swift in Sources */ = {isa = PBXBuildFile; fileRef = 5CAFD1AE29831B66006F867F /* Network.swift */; };
		5CAFD1B229831D48006F867F /* CoinViewModel.swift in Sources */ = {isa = PBXBuildFile; fileRef = 5CAFD1B129831D48006F867F /* CoinViewModel.swift */; };
		5CAFD1B529832209006F867F /* CryptoDetailCell.swift in Sources */ = {isa = PBXBuildFile; fileRef = 5CAFD1B429832209006F867F /* CryptoDetailCell.swift */; };
		5CAFD1BE29841A1E006F867F /* SDWebImageSVGCoder in Frameworks */ = {isa = PBXBuildFile; productRef = 5CAFD1BD29841A1E006F867F /* SDWebImageSVGCoder */; };
		5CAFD1C42986D389006F867F /* DetailViewController.swift in Sources */ = {isa = PBXBuildFile; fileRef = 5CAFD1C32986D389006F867F /* DetailViewController.swift */; };
		5CAFD1C829872636006F867F /* SplashController.swift in Sources */ = {isa = PBXBuildFile; fileRef = 5CAFD1C729872636006F867F /* SplashController.swift */; };
/* End PBXBuildFile section */

/* Begin PBXFileReference section */
		5CAFD19029830F93006F867F /* CurrencyApp-Case.app */ = {isa = PBXFileReference; explicitFileType = wrapper.application; includeInIndex = 0; path = "CurrencyApp-Case.app"; sourceTree = BUILT_PRODUCTS_DIR; };
		5CAFD19329830F93006F867F /* AppDelegate.swift */ = {isa = PBXFileReference; lastKnownFileType = sourcecode.swift; path = AppDelegate.swift; sourceTree = "<group>"; };
		5CAFD19529830F93006F867F /* SceneDelegate.swift */ = {isa = PBXFileReference; lastKnownFileType = sourcecode.swift; path = SceneDelegate.swift; sourceTree = "<group>"; };
		5CAFD19729830F93006F867F /* ViewController.swift */ = {isa = PBXFileReference; lastKnownFileType = sourcecode.swift; path = ViewController.swift; sourceTree = "<group>"; };
		5CAFD19A29830F93006F867F /* Base */ = {isa = PBXFileReference; lastKnownFileType = file.storyboard; name = Base; path = Base.lproj/Main.storyboard; sourceTree = "<group>"; };
		5CAFD19C29830F94006F867F /* Assets.xcassets */ = {isa = PBXFileReference; lastKnownFileType = folder.assetcatalog; path = Assets.xcassets; sourceTree = "<group>"; };
		5CAFD19F29830F94006F867F /* Base */ = {isa = PBXFileReference; lastKnownFileType = file.storyboard; name = Base; path = Base.lproj/LaunchScreen.storyboard; sourceTree = "<group>"; };
		5CAFD1A129830F94006F867F /* Info.plist */ = {isa = PBXFileReference; lastKnownFileType = text.plist.xml; path = Info.plist; sourceTree = "<group>"; };
		5CAFD1A829830FD5006F867F /* Constant.swift */ = {isa = PBXFileReference; lastKnownFileType = sourcecode.swift; path = Constant.swift; sourceTree = "<group>"; };
		5CAFD1AB29830FF6006F867F /* Model.swift */ = {isa = PBXFileReference; lastKnownFileType = sourcecode.swift; path = Model.swift; sourceTree = "<group>"; };
		5CAFD1AE29831B66006F867F /* Network.swift */ = {isa = PBXFileReference; lastKnownFileType = sourcecode.swift; path = Network.swift; sourceTree = "<group>"; };
		5CAFD1B129831D48006F867F /* CoinViewModel.swift */ = {isa = PBXFileReference; lastKnownFileType = sourcecode.swift; path = CoinViewModel.swift; sourceTree = "<group>"; };
		5CAFD1B429832209006F867F /* CryptoDetailCell.swift */ = {isa = PBXFileReference; lastKnownFileType = sourcecode.swift; path = CryptoDetailCell.swift; sourceTree = "<group>"; };
		5CAFD1C32986D389006F867F /* DetailViewController.swift */ = {isa = PBXFileReference; lastKnownFileType = sourcecode.swift; path = DetailViewController.swift; sourceTree = "<group>"; };
		5CAFD1C729872636006F867F /* SplashController.swift */ = {isa = PBXFileReference; lastKnownFileType = sourcecode.swift; path = SplashController.swift; sourceTree = "<group>"; };
/* End PBXFileReference section */

/* Begin PBXFrameworksBuildPhase section */
		5CAFD18D29830F93006F867F /* Frameworks */ = {
			isa = PBXFrameworksBuildPhase;
			buildActionMask = 2147483647;
			files = (
				5CAFD1BE29841A1E006F867F /* SDWebImageSVGCoder in Frameworks */,
			);
			runOnlyForDeploymentPostprocessing = 0;
		};
/* End PBXFrameworksBuildPhase section */

/* Begin PBXGroup section */
		5CAFD18729830F93006F867F = {
			isa = PBXGroup;
			children = (
				5CAFD19229830F93006F867F /* CurrencyApp-Case */,
				5CAFD19129830F93006F867F /* Products */,
			);
			sourceTree = "<group>";
		};
		5CAFD19129830F93006F867F /* Products */ = {
			isa = PBXGroup;
			children = (
				5CAFD19029830F93006F867F /* CurrencyApp-Case.app */,
			);
			name = Products;
			sourceTree = "<group>";
		};
		5CAFD19229830F93006F867F /* CurrencyApp-Case */ = {
			isa = PBXGroup;
			children = (
				5CAFD1B3298321E1006F867F /* Cell */,
				5CAFD1B029831D35006F867F /* ViewModel */,
				5CAFD1AD29831B58006F867F /* Network */,
				5CAFD1AA29830FE7006F867F /* Model */,
				5CAFD1A729830FC6006F867F /* Constant */,
				5CAFD19329830F93006F867F /* AppDelegate.swift */,
				5CAFD19529830F93006F867F /* SceneDelegate.swift */,
				5CAFD19729830F93006F867F /* ViewController.swift */,
				5CAFD19929830F93006F867F /* Main.storyboard */,
				5CAFD19C29830F94006F867F /* Assets.xcassets */,
				5CAFD19E29830F94006F867F /* LaunchScreen.storyboard */,
				5CAFD1A129830F94006F867F /* Info.plist */,
				5CAFD1C32986D389006F867F /* DetailViewController.swift */,
				5CAFD1C729872636006F867F /* SplashController.swift */,
			);
			path = "CurrencyApp-Case";
			sourceTree = "<group>";
		};
		5CAFD1A729830FC6006F867F /* Constant */ = {
			isa = PBXGroup;
			children = (
				5CAFD1A829830FD5006F867F /* Constant.swift */,
			);
			path = Constant;
			sourceTree = "<group>";
		};
		5CAFD1AA29830FE7006F867F /* Model */ = {
			isa = PBXGroup;
			children = (
				5CAFD1AB29830FF6006F867F /* Model.swift */,
			);
			path = Model;
			sourceTree = "<group>";
		};
		5CAFD1AD29831B58006F867F /* Network */ = {
			isa = PBXGroup;
			children = (
				5CAFD1AE29831B66006F867F /* Network.swift */,
			);
			path = Network;
			sourceTree = "<group>";
		};
		5CAFD1B029831D35006F867F /* ViewModel */ = {
			isa = PBXGroup;
			children = (
				5CAFD1B129831D48006F867F /* CoinViewModel.swift */,
			);
			path = ViewModel;
			sourceTree = "<group>";
		};
		5CAFD1B3298321E1006F867F /* Cell */ = {
			isa = PBXGroup;
			children = (
				5CAFD1B429832209006F867F /* CryptoDetailCell.swift */,
			);
			path = Cell;
			sourceTree = "<group>";
		};
/* End PBXGroup section */

/* Begin PBXNativeTarget section */
		5CAFD18F29830F93006F867F /* CurrencyApp-Case */ = {
			isa = PBXNativeTarget;
			buildConfigurationList = 5CAFD1A429830F94006F867F /* Build configuration list for PBXNativeTarget "CurrencyApp-Case" */;
			buildPhases = (
				5CAFD18C29830F93006F867F /* Sources */,
				5CAFD18D29830F93006F867F /* Frameworks */,
				5CAFD18E29830F93006F867F /* Resources */,
			);
			buildRules = (
			);
			dependencies = (
			);
			name = "CurrencyApp-Case";
			packageProductDependencies = (
				5CAFD1BD29841A1E006F867F /* SDWebImageSVGCoder */,
			);
			productName = "CurrencyApp-Case";
			productReference = 5CAFD19029830F93006F867F /* CurrencyApp-Case.app */;
			productType = "com.apple.product-type.application";
		};
/* End PBXNativeTarget section */

/* Begin PBXProject section */
		5CAFD18829830F93006F867F /* Project object */ = {
			isa = PBXProject;
			attributes = {
				BuildIndependentTargetsInParallel = 1;
				LastSwiftUpdateCheck = 1400;
				LastUpgradeCheck = 1400;
				TargetAttributes = {
					5CAFD18F29830F93006F867F = {
						CreatedOnToolsVersion = 14.0.1;
					};
				};
			};
			buildConfigurationList = 5CAFD18B29830F93006F867F /* Build configuration list for PBXProject "CurrencyApp-Case" */;
			compatibilityVersion = "Xcode 14.0";
			developmentRegion = en;
			hasScannedForEncodings = 0;
			knownRegions = (
				en,
				Base,
			);
			mainGroup = 5CAFD18729830F93006F867F;
			packageReferences = (
				5CAFD1B6298337FE006F867F /* XCRemoteSwiftPackageReference "Kingfisher" */,
				5CAFD1B929841973006F867F /* XCRemoteSwiftPackageReference "SDWebImage" */,
				5CAFD1BC29841A1E006F867F /* XCRemoteSwiftPackageReference "SDWebImageSVGCoder" */,
			);
			productRefGroup = 5CAFD19129830F93006F867F /* Products */;
			projectDirPath = "";
			projectRoot = "";
			targets = (
				5CAFD18F29830F93006F867F /* CurrencyApp-Case */,
			);
		};
/* End PBXProject section */

/* Begin PBXResourcesBuildPhase section */
		5CAFD18E29830F93006F867F /* Resources */ = {
			isa = PBXResourcesBuildPhase;
			buildActionMask = 2147483647;
			files = (
				5CAFD1A029830F94006F867F /* LaunchScreen.storyboard in Resources */,
				5CAFD19D29830F94006F867F /* Assets.xcassets in Resources */,
				5CAFD19B29830F93006F867F /* Main.storyboard in Resources */,
			);
			runOnlyForDeploymentPostprocessing = 0;
		};
/* End PBXResourcesBuildPhase section */

/* Begin PBXSourcesBuildPhase section */
		5CAFD18C29830F93006F867F /* Sources */ = {
			isa = PBXSourcesBuildPhase;
			buildActionMask = 2147483647;
			files = (
				5CAFD1C42986D389006F867F /* DetailViewController.swift in Sources */,
				5CAFD1AC29830FF6006F867F /* Model.swift in Sources */,
				5CAFD19829830F93006F867F /* ViewController.swift in Sources */,
				5CAFD1AF29831B66006F867F /* Network.swift in Sources */,
				5CAFD1C829872636006F867F /* SplashController.swift in Sources */,
				5CAFD19429830F93006F867F /* AppDelegate.swift in Sources */,
				5CAFD19629830F93006F867F /* SceneDelegate.swift in Sources */,
				5CAFD1B529832209006F867F /* CryptoDetailCell.swift in Sources */,
				5CAFD1A929830FD5006F867F /* Constant.swift in Sources */,
				5CAFD1B229831D48006F867F /* CoinViewModel.swift in Sources */,
			);
			runOnlyForDeploymentPostprocessing = 0;
		};
/* End PBXSourcesBuildPhase section */

/* Begin PBXVariantGroup section */
		5CAFD19929830F93006F867F /* Main.storyboard */ = {
			isa = PBXVariantGroup;
			children = (
				5CAFD19A29830F93006F867F /* Base */,
			);
			name = Main.storyboard;
			sourceTree = "<group>";
		};
		5CAFD19E29830F94006F867F /* LaunchScreen.storyboard */ = {
			isa = PBXVariantGroup;
			children = (
				5CAFD19F29830F94006F867F /* Base */,
			);
			name = LaunchScreen.storyboard;
			sourceTree = "<group>";
		};
/* End PBXVariantGroup section */

/* Begin XCBuildConfiguration section */
		5CAFD1A229830F94006F867F /* Debug */ = {
			isa = XCBuildConfiguration;
			buildSettings = {
				ALWAYS_SEARCH_USER_PATHS = NO;
				CLANG_ANALYZER_NONNULL = YES;
				CLANG_ANALYZER_NUMBER_OBJECT_CONVERSION = YES_AGGRESSIVE;
				CLANG_CXX_LANGUAGE_STANDARD = "gnu++20";
				CLANG_ENABLE_MODULES = YES;
				CLANG_ENABLE_OBJC_ARC = YES;
				CLANG_ENABLE_OBJC_WEAK = YES;
				CLANG_WARN_BLOCK_CAPTURE_AUTORELEASING = YES;
				CLANG_WARN_BOOL_CONVERSION = YES;
				CLANG_WARN_COMMA = YES;
				CLANG_WARN_CONSTANT_CONVERSION = YES;
				CLANG_WARN_DEPRECATED_OBJC_IMPLEMENTATIONS = YES;
				CLANG_WARN_DIRECT_OBJC_ISA_USAGE = YES_ERROR;
				CLANG_WARN_DOCUMENTATION_COMMENTS = YES;
				CLANG_WARN_EMPTY_BODY = YES;
				CLANG_WARN_ENUM_CONVERSION = YES;
				CLANG_WARN_INFINITE_RECURSION = YES;
				CLANG_WARN_INT_CONVERSION = YES;
				CLANG_WARN_NON_LITERAL_NULL_CONVERSION = YES;
				CLANG_WARN_OBJC_IMPLICIT_RETAIN_SELF = YES;
				CLANG_WARN_OBJC_LITERAL_CONVERSION = YES;
				CLANG_WARN_OBJC_ROOT_CLASS = YES_ERROR;
				CLANG_WARN_QUOTED_INCLUDE_IN_FRAMEWORK_HEADER = YES;
				CLANG_WARN_RANGE_LOOP_ANALYSIS = YES;
				CLANG_WARN_STRICT_PROTOTYPES = YES;
				CLANG_WARN_SUSPICIOUS_MOVE = YES;
				CLANG_WARN_UNGUARDED_AVAILABILITY = YES_AGGRESSIVE;
				CLANG_WARN_UNREACHABLE_CODE = YES;
				CLANG_WARN__DUPLICATE_METHOD_MATCH = YES;
				COPY_PHASE_STRIP = NO;
				DEBUG_INFORMATION_FORMAT = dwarf;
				ENABLE_STRICT_OBJC_MSGSEND = YES;
				ENABLE_TESTABILITY = YES;
				GCC_C_LANGUAGE_STANDARD = gnu11;
				GCC_DYNAMIC_NO_PIC = NO;
				GCC_NO_COMMON_BLOCKS = YES;
				GCC_OPTIMIZATION_LEVEL = 0;
				GCC_PREPROCESSOR_DEFINITIONS = (
					"DEBUG=1",
					"$(inherited)",
				);
				GCC_WARN_64_TO_32_BIT_CONVERSION = YES;
				GCC_WARN_ABOUT_RETURN_TYPE = YES_ERROR;
				GCC_WARN_UNDECLARED_SELECTOR = YES;
				GCC_WARN_UNINITIALIZED_AUTOS = YES_AGGRESSIVE;
				GCC_WARN_UNUSED_FUNCTION = YES;
				GCC_WARN_UNUSED_VARIABLE = YES;
				IPHONEOS_DEPLOYMENT_TARGET = 16.0;
				MTL_ENABLE_DEBUG_INFO = INCLUDE_SOURCE;
				MTL_FAST_MATH = YES;
				ONLY_ACTIVE_ARCH = YES;
				SDKROOT = iphoneos;
				SWIFT_ACTIVE_COMPILATION_CONDITIONS = DEBUG;
				SWIFT_OPTIMIZATION_LEVEL = "-Onone";
			};
			name = Debug;
		};
		5CAFD1A329830F94006F867F /* Release */ = {
			isa = XCBuildConfiguration;
			buildSettings = {
				ALWAYS_SEARCH_USER_PATHS = NO;
				CLANG_ANALYZER_NONNULL = YES;
				CLANG_ANALYZER_NUMBER_OBJECT_CONVERSION = YES_AGGRESSIVE;
				CLANG_CXX_LANGUAGE_STANDARD = "gnu++20";
				CLANG_ENABLE_MODULES = YES;
				CLANG_ENABLE_OBJC_ARC = YES;
				CLANG_ENABLE_OBJC_WEAK = YES;
				CLANG_WARN_BLOCK_CAPTURE_AUTORELEASING = YES;
				CLANG_WARN_BOOL_CONVERSION = YES;
				CLANG_WARN_COMMA = YES;
				CLANG_WARN_CONSTANT_CONVERSION = YES;
				CLANG_WARN_DEPRECATED_OBJC_IMPLEMENTATIONS = YES;
				CLANG_WARN_DIRECT_OBJC_ISA_USAGE = YES_ERROR;
				CLANG_WARN_DOCUMENTATION_COMMENTS = YES;
				CLANG_WARN_EMPTY_BODY = YES;
				CLANG_WARN_ENUM_CONVERSION = YES;
				CLANG_WARN_INFINITE_RECURSION = YES;
				CLANG_WARN_INT_CONVERSION = YES;
				CLANG_WARN_NON_LITERAL_NULL_CONVERSION = YES;
				CLANG_WARN_OBJC_IMPLICIT_RETAIN_SELF = YES;
				CLANG_WARN_OBJC_LITERAL_CONVERSION = YES;
				CLANG_WARN_OBJC_ROOT_CLASS = YES_ERROR;
				CLANG_WARN_QUOTED_INCLUDE_IN_FRAMEWORK_HEADER = YES;
				CLANG_WARN_RANGE_LOOP_ANALYSIS = YES;
				CLANG_WARN_STRICT_PROTOTYPES = YES;
				CLANG_WARN_SUSPICIOUS_MOVE = YES;
				CLANG_WARN_UNGUARDED_AVAILABILITY = YES_AGGRESSIVE;
				CLANG_WARN_UNREACHABLE_CODE = YES;
				CLANG_WARN__DUPLICATE_METHOD_MATCH = YES;
				COPY_PHASE_STRIP = NO;
				DEBUG_INFORMATION_FORMAT = "dwarf-with-dsym";
				ENABLE_NS_ASSERTIONS = NO;
				ENABLE_STRICT_OBJC_MSGSEND = YES;
				GCC_C_LANGUAGE_STANDARD = gnu11;
				GCC_NO_COMMON_BLOCKS = YES;
				GCC_WARN_64_TO_32_BIT_CONVERSION = YES;
				GCC_WARN_ABOUT_RETURN_TYPE = YES_ERROR;
				GCC_WARN_UNDECLARED_SELECTOR = YES;
				GCC_WARN_UNINITIALIZED_AUTOS = YES_AGGRESSIVE;
				GCC_WARN_UNUSED_FUNCTION = YES;
				GCC_WARN_UNUSED_VARIABLE = YES;
				IPHONEOS_DEPLOYMENT_TARGET = 16.0;
				MTL_ENABLE_DEBUG_INFO = NO;
				MTL_FAST_MATH = YES;
				SDKROOT = iphoneos;
				SWIFT_COMPILATION_MODE = wholemodule;
				SWIFT_OPTIMIZATION_LEVEL = "-O";
				VALIDATE_PRODUCT = YES;
			};
			name = Release;
		};
		5CAFD1A529830F94006F867F /* Debug */ = {
			isa = XCBuildConfiguration;
			buildSettings = {
				ASSETCATALOG_COMPILER_APPICON_NAME = AppIcon;
				ASSETCATALOG_COMPILER_GLOBAL_ACCENT_COLOR_NAME = AccentColor;
				CODE_SIGN_STYLE = Automatic;
				CURRENT_PROJECT_VERSION = 1;
				DEVELOPMENT_TEAM = 6N4HMYH8YX;
				GENERATE_INFOPLIST_FILE = YES;
				INFOPLIST_FILE = "CurrencyApp-Case/Info.plist";
				INFOPLIST_KEY_UIApplicationSupportsIndirectInputEvents = YES;
				INFOPLIST_KEY_UILaunchStoryboardName = LaunchScreen;
				INFOPLIST_KEY_UIMainStoryboardFile = Main;
				INFOPLIST_KEY_UISupportedInterfaceOrientations = UIInterfaceOrientationPortrait;
				INFOPLIST_KEY_UISupportedInterfaceOrientations_iPad = "UIInterfaceOrientationLandscapeLeft UIInterfaceOrientationLandscapeRight UIInterfaceOrientationPortrait UIInterfaceOrientationPortraitUpsideDown";
				LD_RUNPATH_SEARCH_PATHS = (
					"$(inherited)",
					"@executable_path/Frameworks",
				);
				MARKETING_VERSION = 1.0;
				PRODUCT_BUNDLE_IDENTIFIER = "com.turancabuk.CurrencyApp-Case";
				PRODUCT_NAME = "$(TARGET_NAME)";
				SWIFT_EMIT_LOC_STRINGS = YES;
				SWIFT_VERSION = 5.0;
				TARGETED_DEVICE_FAMILY = "1,2";
			};
			name = Debug;
		};
		5CAFD1A629830F94006F867F /* Release */ = {
			isa = XCBuildConfiguration;
			buildSettings = {
				ASSETCATALOG_COMPILER_APPICON_NAME = AppIcon;
				ASSETCATALOG_COMPILER_GLOBAL_ACCENT_COLOR_NAME = AccentColor;
				CODE_SIGN_STYLE = Automatic;
				CURRENT_PROJECT_VERSION = 1;
				DEVELOPMENT_TEAM = 6N4HMYH8YX;
				GENERATE_INFOPLIST_FILE = YES;
				INFOPLIST_FILE = "CurrencyApp-Case/Info.plist";
				INFOPLIST_KEY_UIApplicationSupportsIndirectInputEvents = YES;
				INFOPLIST_KEY_UILaunchStoryboardName = LaunchScreen;
				INFOPLIST_KEY_UIMainStoryboardFile = Main;
				INFOPLIST_KEY_UISupportedInterfaceOrientations = UIInterfaceOrientationPortrait;
				INFOPLIST_KEY_UISupportedInterfaceOrientations_iPad = "UIInterfaceOrientationLandscapeLeft UIInterfaceOrientationLandscapeRight UIInterfaceOrientationPortrait UIInterfaceOrientationPortraitUpsideDown";
				LD_RUNPATH_SEARCH_PATHS = (
					"$(inherited)",
					"@executable_path/Frameworks",
				);
				MARKETING_VERSION = 1.0;
				PRODUCT_BUNDLE_IDENTIFIER = "com.turancabuk.CurrencyApp-Case";
				PRODUCT_NAME = "$(TARGET_NAME)";
				SWIFT_EMIT_LOC_STRINGS = YES;
				SWIFT_VERSION = 5.0;
				TARGETED_DEVICE_FAMILY = "1,2";
			};
			name = Release;
		};
/* End XCBuildConfiguration section */

/* Begin XCConfigurationList section */
		5CAFD18B29830F93006F867F /* Build configuration list for PBXProject "CurrencyApp-Case" */ = {
			isa = XCConfigurationList;
			buildConfigurations = (
				5CAFD1A229830F94006F867F /* Debug */,
				5CAFD1A329830F94006F867F /* Release */,
			);
			defaultConfigurationIsVisible = 0;
			defaultConfigurationName = Release;
		};
		5CAFD1A429830F94006F867F /* Build configuration list for PBXNativeTarget "CurrencyApp-Case" */ = {
			isa = XCConfigurationList;
			buildConfigurations = (
				5CAFD1A529830F94006F867F /* Debug */,
				5CAFD1A629830F94006F867F /* Release */,
			);
			defaultConfigurationIsVisible = 0;
			defaultConfigurationName = Release;
		};
/* End XCConfigurationList section */

/* Begin XCRemoteSwiftPackageReference section */
		5CAFD1B6298337FE006F867F /* XCRemoteSwiftPackageReference "Kingfisher" */ = {
			isa = XCRemoteSwiftPackageReference;
			repositoryURL = "https://github.com/onevcat/Kingfisher.git";
			requirement = {
				kind = upToNextMajorVersion;
				minimumVersion = 7.0.0;
			};
		};
		5CAFD1B929841973006F867F /* XCRemoteSwiftPackageReference "SDWebImage" */ = {
			isa = XCRemoteSwiftPackageReference;
			repositoryURL = "https://github.com/SDWebImage/SDWebImage.git";
			requirement = {
				kind = upToNextMajorVersion;
				minimumVersion = 5.0.0;
			};
		};
		5CAFD1BC29841A1E006F867F /* XCRemoteSwiftPackageReference "SDWebImageSVGCoder" */ = {
			isa = XCRemoteSwiftPackageReference;
			repositoryURL = "https://github.com/SDWebImage/SDWebImageSVGCoder.git";
			requirement = {
				kind = upToNextMajorVersion;
				minimumVersion = 1.0.0;
			};
		};
/* End XCRemoteSwiftPackageReference section */

/* Begin XCSwiftPackageProductDependency section */
		5CAFD1BD29841A1E006F867F /* SDWebImageSVGCoder */ = {
			isa = XCSwiftPackageProductDependency;
			package = 5CAFD1BC29841A1E006F867F /* XCRemoteSwiftPackageReference "SDWebImageSVGCoder" */;
			productName = SDWebImageSVGCoder;
		};
/* End XCSwiftPackageProductDependency section */
	};
	rootObject = 5CAFD18829830F93006F867F /* Project object */;
}
